
Microsoft Visual Studio Solution File, Format Version 12.00
# Visual Studio Version 16
VisualStudioVersion = 16.0.810.14
MinimumVisualStudioVersion = 10.0.40219.1
Project("{FAE04EC0-301F-11D3-BF4B-00C04F79EFBC}") = "Adapter", "Adapter.csproj", "{E111D80C-864A-43A5-B818-5970E4541B50}"
EndProject
Global
	GlobalSection(SolutionConfigurationPlatforms) = preSolution
		Debug|anycpu = Debug|anycpu
		Release|anycpu = Release|anycpu
	EndGlobalSection
	GlobalSection(ProjectConfigurationPlatforms) = postSolution
		{E111D80C-864A-43A5-B818-5970E4541B50}.Debug|anycpu.ActiveCfg = Debug|anycpu
		{E111D80C-864A-43A5-B818-5970E4541B50}.Debug|anycpu.Build.0 = Debug|anycpu
		{E111D80C-864A-43A5-B818-5970E4541B50}.Release|anycpu.ActiveCfg = Release|anycpu
		{E111D80C-864A-43A5-B818-5970E4541B50}.Release|anycpu.Build.0 = Release|anycpu
	EndGlobalSection
	GlobalSection(SolutionProperties) = preSolution
		HideSolutionNode = FALSE
	EndGlobalSection
	GlobalSection(ExtensibilityGlobals) = postSolution
		SolutionGuid = {1A6B3C2D-2FEF-40F1-B90E-C79786FFE638}
	EndGlobalSection
EndGlobal
